
Microsoft Visual Studio Solution File, Format Version 12.00
# Visual Studio Version 17
VisualStudioVersion = 17.6.33829.357
MinimumVisualStudioVersion = 10.0.40219.1
Project("{FAE04EC0-301F-11D3-BF4B-00C04F79EFBC}") = "DatabaseQuery", "DatabaseQuery\DatabaseQuery.csproj", "{5E286431-D9C4-42D7-A06B-138A96975F2A}"
EndProject
Global
	GlobalSection(SolutionConfigurationPlatforms) = preSolution
		Debug|Any CPU = Debug|Any CPU
		Release|Any CPU = Release|Any CPU
	EndGlobalSection
	GlobalSection(ProjectConfigurationPlatforms) = postSolution
		{5E286431-D9C4-42D7-A06B-138A96975F2A}.Debug|Any CPU.ActiveCfg = Debug|Any CPU
		{5E286431-D9C4-42D7-A06B-138A96975F2A}.Debug|Any CPU.Build.0 = Debug|Any CPU
		{5E286431-D9C4-42D7-A06B-138A96975F2A}.Release|Any CPU.ActiveCfg = Release|Any CPU
		{5E286431-D9C4-42D7-A06B-138A96975F2A}.Release|Any CPU.Build.0 = Release|Any CPU
	EndGlobalSection
	GlobalSection(SolutionProperties) = preSolution
		HideSolutionNode = FALSE
	EndGlobalSection
	GlobalSection(ExtensibilityGlobals) = postSolution
		SolutionGuid = {A65F4D5D-BAFA-46C3-A3C8-C327E3110FFE}
	EndGlobalSection
EndGlobal
