
Microsoft Visual Studio Solution File, Format Version 12.00
# Visual Studio Version 17
VisualStudioVersion = 17.6.33829.357
MinimumVisualStudioVersion = 10.0.40219.1
Project("{FAE04EC0-301F-11D3-BF4B-00C04F79EFBC}") = "FlashEraseTool", "FlashEraseTool\FlashEraseTool.csproj", "{3116DC68-5613-4070-9067-0CD5DB05CE70}"
EndProject
Global
	GlobalSection(SolutionConfigurationPlatforms) = preSolution
		Debug|Any CPU = Debug|Any CPU
		Release|Any CPU = Release|Any CPU
	EndGlobalSection
	GlobalSection(ProjectConfigurationPlatforms) = postSolution
		{3116DC68-5613-4070-9067-0CD5DB05CE70}.Debug|Any CPU.ActiveCfg = Debug|Any CPU
		{3116DC68-5613-4070-9067-0CD5DB05CE70}.Debug|Any CPU.Build.0 = Debug|Any CPU
		{3116DC68-5613-4070-9067-0CD5DB05CE70}.Release|Any CPU.ActiveCfg = Release|Any CPU
		{3116DC68-5613-4070-9067-0CD5DB05CE70}.Release|Any CPU.Build.0 = Release|Any CPU
	EndGlobalSection
	GlobalSection(SolutionProperties) = preSolution
		HideSolutionNode = FALSE
	EndGlobalSection
	GlobalSection(ExtensibilityGlobals) = postSolution
		SolutionGuid = {73D066C3-00C3-4740-8AC1-94ABBD4F3F3B}
	EndGlobalSection
EndGlobal
